
Microsoft Visual Studio Solution File, Format Version 12.00
# Visual Studio 2010
Project("{2150E333-8FDC-42A3-9474-1A3956D46DE8}") = "Common", "Common", "{A9E6A24D-0FBA-481E-90D7-4E9E8118F333}"
EndProject
Project("{2150E333-8FDC-42A3-9474-1A3956D46DE8}") = "ATF", "ATF", "{EECCD860-988B-4F88-9DF2-9F680552DBD2}"
EndProject
Project("{FAE04EC0-301F-11D3-BF4B-00C04F79EFBC}") = "ES1Common", "ES1Common\ES1Common.csproj", "{3F0DD301-7F44-46DE-81A1-09874C1B4F45}"
EndProject
Project("{FAE04EC0-301F-11D3-BF4B-00C04F79EFBC}") = "TaskManager.WinService", "TaskManager.WinService\TaskManager.WinService.csproj", "{97C38DAA-11B7-4681-9A17-C18E3B355E93}"
EndProject
Project("{FAE04EC0-301F-11D3-BF4B-00C04F79EFBC}") = "TaskManager.WebService", "TaskManager.WebService\TaskManager.WebService.csproj", "{EFA8E77B-FA4E-4D7D-84B2-3AD58E990562}"
EndProject
Project("{2150E333-8FDC-42A3-9474-1A3956D46DE8}") = "Services", "Services", "{BAB1A10A-9A09-47D3-ADF1-1402D5E85F1C}"
EndProject
Project("{FAE04EC0-301F-11D3-BF4B-00C04F79EFBC}") = "Core", "Core\Core.csproj", "{13447426-9190-43BA-9404-514385083DB4}"
EndProject
Project("{FAE04EC0-301F-11D3-BF4B-00C04F79EFBC}") = "JobManager.WebService", "JobManager.WebService\JobManager.WebService.csproj", "{37D0C010-1544-4738-ACEC-422A916AD1D1}"
EndProject
Project("{FAE04EC0-301F-11D3-BF4B-00C04F79EFBC}") = "JobManager.WinService", "JobManager.WinService\JobManager.WinService.csproj", "{73E70918-6234-4DFA-8F1C-15A290BB3A89}"
EndProject
Project("{FAE04EC0-301F-11D3-BF4B-00C04F79EFBC}") = "Common", "Common\Common.csproj", "{86B005E3-59B5-4412-8993-6827D6EC2357}"
EndProject
Project("{FAE04EC0-301F-11D3-BF4B-00C04F79EFBC}") = "UserManager.WebService", "UserManager.WebService\UserManager.WebService.csproj", "{04703136-E899-46C6-8C71-F68C161360C8}"
EndProject
Project("{FAE04EC0-301F-11D3-BF4B-00C04F79EFBC}") = "ProductManager.WebService", "ProductManager.WebService\ProductManager.WebService.csproj", "{1CBD6F18-0189-45FD-BDBD-4FBF374F7916}"
EndProject
Project("{FAE04EC0-301F-11D3-BF4B-00C04F79EFBC}") = "EnvironmentManager.WebService", "EnvironmentManager.WebService\EnvironmentManager.WebService.csproj", "{C3E051C7-3DB7-44EC-97C5-3B49057FDE50}"
EndProject
Project("{FAE04EC0-301F-11D3-BF4B-00C04F79EFBC}") = "TestCasesSuitesManager.WebService", "TestCasesSuitesManager.WebService\TestCasesSuitesManager.WebService.csproj", "{BE3B3A9D-A703-4B39-8EF6-E0AAED3A465E}"
EndProject
Project("{FAE04EC0-301F-11D3-BF4B-00C04F79EFBC}") = "BuildManager.WebService", "BuildManager.WebService\BuildManager.WebService.csproj", "{0FB42D8A-431A-450D-97B5-31BE0C81FB05}"
EndProject
Project("{2150E333-8FDC-42A3-9474-1A3956D46DE8}") = "WindowsServices", "WindowsServices", "{43AE6FB0-4FBA-4991-825A-9F06DB774902}"
EndProject
Project("{FAE04EC0-301F-11D3-BF4B-00C04F79EFBC}") = "EnvironmentManager.WinService", "EnvironmentManager.WinService\EnvironmentManager.WinService.csproj", "{F52DDF39-CA4E-4B07-B573-CCF3C49E8AF2}"
EndProject
Project("{FAE04EC0-301F-11D3-BF4B-00C04F79EFBC}") = "ResultManager.WebService", "ResultManager.WebService\ResultManager.WebService.csproj", "{359BB77F-0D83-4CD1-BAA6-8FDA09F1766F}"
EndProject
Project("{2150E333-8FDC-42A3-9474-1A3956D46DE8}") = "SourceOne", "SourceOne", "{94F51B26-799F-4ED1-A92A-7867A48F796D}"
EndProject
Project("{2150E333-8FDC-42A3-9474-1A3956D46DE8}") = "WebServices", "WebServices", "{74C1EB2B-6C96-4B8D-9C2E-0D3C33CCACE4}"
EndProject
Project("{FAE04EC0-301F-11D3-BF4B-00C04F79EFBC}") = "ExecutionEngine.WinService", "ExecutionEngine.WinService\ExecutionEngine.WinService.csproj", "{E6E3D9D5-965E-40B3-A312-118C5AD21957}"
EndProject
Project("{FAE04EC0-301F-11D3-BF4B-00C04F79EFBC}") = "S1Agent.WinService", "S1Agent.WinService\S1Agent.WinService.csproj", "{10810879-F7AB-4A9F-9515-82FC88F4A253}"
EndProject
Project("{FAE04EC0-301F-11D3-BF4B-00C04F79EFBC}") = "ATFExchangeCentre", "ATFExchangeCentre\ATFExchangeCentre.csproj", "{6981178A-117A-480E-8435-ECA99DA9D68F}"
EndProject
Project("{FAE04EC0-301F-11D3-BF4B-00C04F79EFBC}") = "TestConsole", "TestConsole\TestConsole.csproj", "{97C6DABA-56B1-4AA5-AEDF-51349A070083}"
EndProject
Project("{FAE04EC0-301F-11D3-BF4B-00C04F79EFBC}") = "BuildManager.WinService", "BuildManager.WinService\BuildManager.WinService.csproj", "{6CA08373-7D74-4804-8AAB-6B1A829A00A5}"
EndProject
Project("{FAE04EC0-301F-11D3-BF4B-00C04F79EFBC}") = "ProviderManager.WebService", "ProviderManager.WebService\ProviderManager.WebService.csproj", "{15E0051A-F4F4-47DC-B4CE-9CA52F0ECCE1}"
EndProject
Project("{FAE04EC0-301F-11D3-BF4B-00C04F79EFBC}") = "GalaxyGlobal.WebService", "GalaxyGlobal.WebService\GalaxyGlobal.WebService.csproj", "{C1F73288-60BE-45A8-A30D-A8B7F0478C91}"
EndProject
Project("{FAE04EC0-301F-11D3-BF4B-00C04F79EFBC}") = "TestCaseManager.WinService", "TestCaseManager.WinService\TestCaseManager.WinService.csproj", "{CC2B4898-18B1-46FC-947E-8467FA77E776}"
EndProject
Project("{2150E333-8FDC-42A3-9474-1A3956D46DE8}") = "DPSearch", "DPSearch", "{F58764D7-2B97-48BA-B2BE-E12F67F7C593}"
EndProject
Project("{FAE04EC0-301F-11D3-BF4B-00C04F79EFBC}") = "DPSearchRubyAgent", "DPSearchRubyAgent\DPSearchRubyAgent.csproj", "{24F3DBF4-BB37-4052-B491-D7E080454192}"
EndProject
Project("{FAE04EC0-301F-11D3-BF4B-00C04F79EFBC}") = "ProjectManager.WebService", "ProjectManager.WebService\ProjectManager.WebService.csproj", "{DE430483-CA8D-4E58-A2EA-3D429E6180DF}"
EndProject
Project("{FAE04EC0-301F-11D3-BF4B-00C04F79EFBC}") = "SaberAgent.WindowsFormApp", "SaberAgent.WindowsFormApp\SaberAgent.WindowsFormApp.csproj", "{7C6F94C6-7ACE-4ED3-9A63-6B6C8379D4BF}"
EndProject
Project("{FAE04EC0-301F-11D3-BF4B-00C04F79EFBC}") = "GACManagerApi", "S1InstallValidation\GACManagerApi\GACManagerApi.csproj", "{2909743E-72FF-48BF-A081-E61A73D2E6EC}"
EndProject
Project("{FAE04EC0-301F-11D3-BF4B-00C04F79EFBC}") = "VerifyLib", "S1InstallValidation\VerifyLib\VerifyLib.csproj", "{A109E0B5-74F7-402B-BABB-4DC3D6150188}"
EndProject
Global
	GlobalSection(SolutionConfigurationPlatforms) = preSolution
		Debug|Any CPU = Debug|Any CPU
		Debug|Mixed Platforms = Debug|Mixed Platforms
		Debug|x86 = Debug|x86
		Release|Any CPU = Release|Any CPU
		Release|Mixed Platforms = Release|Mixed Platforms
		Release|x86 = Release|x86
	EndGlobalSection
	GlobalSection(ProjectConfigurationPlatforms) = postSolution
		{3F0DD301-7F44-46DE-81A1-09874C1B4F45}.Debug|Any CPU.ActiveCfg = Debug|Any CPU
		{3F0DD301-7F44-46DE-81A1-09874C1B4F45}.Debug|Any CPU.Build.0 = Debug|Any CPU
		{3F0DD301-7F44-46DE-81A1-09874C1B4F45}.Debug|Mixed Platforms.ActiveCfg = Debug|Any CPU
		{3F0DD301-7F44-46DE-81A1-09874C1B4F45}.Debug|Mixed Platforms.Build.0 = Debug|Any CPU
		{3F0DD301-7F44-46DE-81A1-09874C1B4F45}.Debug|x86.ActiveCfg = Debug|Any CPU
		{3F0DD301-7F44-46DE-81A1-09874C1B4F45}.Release|Any CPU.ActiveCfg = Release|Any CPU
		{3F0DD301-7F44-46DE-81A1-09874C1B4F45}.Release|Any CPU.Build.0 = Release|Any CPU
		{3F0DD301-7F44-46DE-81A1-09874C1B4F45}.Release|Mixed Platforms.ActiveCfg = Release|Any CPU
		{3F0DD301-7F44-46DE-81A1-09874C1B4F45}.Release|Mixed Platforms.Build.0 = Release|Any CPU
		{3F0DD301-7F44-46DE-81A1-09874C1B4F45}.Release|x86.ActiveCfg = Release|Any CPU
		{97C38DAA-11B7-4681-9A17-C18E3B355E93}.Debug|Any CPU.ActiveCfg = Debug|x86
		{97C38DAA-11B7-4681-9A17-C18E3B355E93}.Debug|Mixed Platforms.ActiveCfg = Debug|x86
		{97C38DAA-11B7-4681-9A17-C18E3B355E93}.Debug|Mixed Platforms.Build.0 = Debug|x86
		{97C38DAA-11B7-4681-9A17-C18E3B355E93}.Debug|x86.ActiveCfg = Debug|x86
		{97C38DAA-11B7-4681-9A17-C18E3B355E93}.Debug|x86.Build.0 = Debug|x86
		{97C38DAA-11B7-4681-9A17-C18E3B355E93}.Release|Any CPU.ActiveCfg = Release|x86
		{97C38DAA-11B7-4681-9A17-C18E3B355E93}.Release|Mixed Platforms.ActiveCfg = Release|x86
		{97C38DAA-11B7-4681-9A17-C18E3B355E93}.Release|Mixed Platforms.Build.0 = Release|x86
		{97C38DAA-11B7-4681-9A17-C18E3B355E93}.Release|x86.ActiveCfg = Release|x86
		{97C38DAA-11B7-4681-9A17-C18E3B355E93}.Release|x86.Build.0 = Release|x86
		{EFA8E77B-FA4E-4D7D-84B2-3AD58E990562}.Debug|Any CPU.ActiveCfg = Debug|Any CPU
		{EFA8E77B-FA4E-4D7D-84B2-3AD58E990562}.Debug|Any CPU.Build.0 = Debug|Any CPU
		{EFA8E77B-FA4E-4D7D-84B2-3AD58E990562}.Debug|Mixed Platforms.ActiveCfg = Debug|Any CPU
		{EFA8E77B-FA4E-4D7D-84B2-3AD58E990562}.Debug|Mixed Platforms.Build.0 = Debug|Any CPU
		{EFA8E77B-FA4E-4D7D-84B2-3AD58E990562}.Debug|x86.ActiveCfg = Debug|Any CPU
		{EFA8E77B-FA4E-4D7D-84B2-3AD58E990562}.Release|Any CPU.ActiveCfg = Release|Any CPU
		{EFA8E77B-FA4E-4D7D-84B2-3AD58E990562}.Release|Any CPU.Build.0 = Release|Any CPU
		{EFA8E77B-FA4E-4D7D-84B2-3AD58E990562}.Release|Mixed Platforms.ActiveCfg = Release|Any CPU
		{EFA8E77B-FA4E-4D7D-84B2-3AD58E990562}.Release|Mixed Platforms.Build.0 = Release|Any CPU
		{EFA8E77B-FA4E-4D7D-84B2-3AD58E990562}.Release|x86.ActiveCfg = Release|Any CPU
		{13447426-9190-43BA-9404-514385083DB4}.Debug|Any CPU.ActiveCfg = Debug|Any CPU
		{13447426-9190-43BA-9404-514385083DB4}.Debug|Any CPU.Build.0 = Debug|Any CPU
		{13447426-9190-43BA-9404-514385083DB4}.Debug|Mixed Platforms.ActiveCfg = Debug|Any CPU
		{13447426-9190-43BA-9404-514385083DB4}.Debug|Mixed Platforms.Build.0 = Debug|Any CPU
		{13447426-9190-43BA-9404-514385083DB4}.Debug|x86.ActiveCfg = Debug|Any CPU
		{13447426-9190-43BA-9404-514385083DB4}.Release|Any CPU.ActiveCfg = Release|Any CPU
		{13447426-9190-43BA-9404-514385083DB4}.Release|Any CPU.Build.0 = Release|Any CPU
		{13447426-9190-43BA-9404-514385083DB4}.Release|Mixed Platforms.ActiveCfg = Release|Any CPU
		{13447426-9190-43BA-9404-514385083DB4}.Release|Mixed Platforms.Build.0 = Release|Any CPU
		{13447426-9190-43BA-9404-514385083DB4}.Release|x86.ActiveCfg = Release|Any CPU
		{37D0C010-1544-4738-ACEC-422A916AD1D1}.Debug|Any CPU.ActiveCfg = Debug|Any CPU
		{37D0C010-1544-4738-ACEC-422A916AD1D1}.Debug|Any CPU.Build.0 = Debug|Any CPU
		{37D0C010-1544-4738-ACEC-422A916AD1D1}.Debug|Mixed Platforms.ActiveCfg = Debug|Any CPU
		{37D0C010-1544-4738-ACEC-422A916AD1D1}.Debug|Mixed Platforms.Build.0 = Debug|Any CPU
		{37D0C010-1544-4738-ACEC-422A916AD1D1}.Debug|x86.ActiveCfg = Debug|Any CPU
		{37D0C010-1544-4738-ACEC-422A916AD1D1}.Release|Any CPU.ActiveCfg = Release|Any CPU
		{37D0C010-1544-4738-ACEC-422A916AD1D1}.Release|Any CPU.Build.0 = Release|Any CPU
		{37D0C010-1544-4738-ACEC-422A916AD1D1}.Release|Mixed Platforms.ActiveCfg = Release|Any CPU
		{37D0C010-1544-4738-ACEC-422A916AD1D1}.Release|Mixed Platforms.Build.0 = Release|Any CPU
		{37D0C010-1544-4738-ACEC-422A916AD1D1}.Release|x86.ActiveCfg = Release|Any CPU
		{73E70918-6234-4DFA-8F1C-15A290BB3A89}.Debug|Any CPU.ActiveCfg = Debug|x86
		{73E70918-6234-4DFA-8F1C-15A290BB3A89}.Debug|Mixed Platforms.ActiveCfg = Debug|x86
		{73E70918-6234-4DFA-8F1C-15A290BB3A89}.Debug|Mixed Platforms.Build.0 = Debug|x86
		{73E70918-6234-4DFA-8F1C-15A290BB3A89}.Debug|x86.ActiveCfg = Debug|x86
		{73E70918-6234-4DFA-8F1C-15A290BB3A89}.Debug|x86.Build.0 = Debug|x86
		{73E70918-6234-4DFA-8F1C-15A290BB3A89}.Release|Any CPU.ActiveCfg = Release|x86
		{73E70918-6234-4DFA-8F1C-15A290BB3A89}.Release|Mixed Platforms.ActiveCfg = Release|x86
		{73E70918-6234-4DFA-8F1C-15A290BB3A89}.Release|Mixed Platforms.Build.0 = Release|x86
		{73E70918-6234-4DFA-8F1C-15A290BB3A89}.Release|x86.ActiveCfg = Release|x86
		{73E70918-6234-4DFA-8F1C-15A290BB3A89}.Release|x86.Build.0 = Release|x86
		{86B005E3-59B5-4412-8993-6827D6EC2357}.Debug|Any CPU.ActiveCfg = Debug|Any CPU
		{86B005E3-59B5-4412-8993-6827D6EC2357}.Debug|Any CPU.Build.0 = Debug|Any CPU
		{86B005E3-59B5-4412-8993-6827D6EC2357}.Debug|Mixed Platforms.ActiveCfg = Debug|Any CPU
		{86B005E3-59B5-4412-8993-6827D6EC2357}.Debug|Mixed Platforms.Build.0 = Debug|Any CPU
		{86B005E3-59B5-4412-8993-6827D6EC2357}.Debug|x86.ActiveCfg = Debug|Any CPU
		{86B005E3-59B5-4412-8993-6827D6EC2357}.Release|Any CPU.ActiveCfg = Release|Any CPU
		{86B005E3-59B5-4412-8993-6827D6EC2357}.Release|Any CPU.Build.0 = Release|Any CPU
		{86B005E3-59B5-4412-8993-6827D6EC2357}.Release|Mixed Platforms.ActiveCfg = Release|Any CPU
		{86B005E3-59B5-4412-8993-6827D6EC2357}.Release|Mixed Platforms.Build.0 = Release|Any CPU
		{86B005E3-59B5-4412-8993-6827D6EC2357}.Release|x86.ActiveCfg = Release|Any CPU
		{04703136-E899-46C6-8C71-F68C161360C8}.Debug|Any CPU.ActiveCfg = Debug|Any CPU
		{04703136-E899-46C6-8C71-F68C161360C8}.Debug|Any CPU.Build.0 = Debug|Any CPU
		{04703136-E899-46C6-8C71-F68C161360C8}.Debug|Mixed Platforms.ActiveCfg = Debug|Any CPU
		{04703136-E899-46C6-8C71-F68C161360C8}.Debug|Mixed Platforms.Build.0 = Debug|Any CPU
		{04703136-E899-46C6-8C71-F68C161360C8}.Debug|x86.ActiveCfg = Debug|Any CPU
		{04703136-E899-46C6-8C71-F68C161360C8}.Release|Any CPU.ActiveCfg = Release|Any CPU
		{04703136-E899-46C6-8C71-F68C161360C8}.Release|Any CPU.Build.0 = Release|Any CPU
		{04703136-E899-46C6-8C71-F68C161360C8}.Release|Mixed Platforms.ActiveCfg = Release|Any CPU
		{04703136-E899-46C6-8C71-F68C161360C8}.Release|Mixed Platforms.Build.0 = Release|Any CPU
		{04703136-E899-46C6-8C71-F68C161360C8}.Release|x86.ActiveCfg = Release|Any CPU
		{1CBD6F18-0189-45FD-BDBD-4FBF374F7916}.Debug|Any CPU.ActiveCfg = Debug|Any CPU
		{1CBD6F18-0189-45FD-BDBD-4FBF374F7916}.Debug|Any CPU.Build.0 = Debug|Any CPU
		{1CBD6F18-0189-45FD-BDBD-4FBF374F7916}.Debug|Mixed Platforms.ActiveCfg = Debug|Any CPU
		{1CBD6F18-0189-45FD-BDBD-4FBF374F7916}.Debug|Mixed Platforms.Build.0 = Debug|Any CPU
		{1CBD6F18-0189-45FD-BDBD-4FBF374F7916}.Debug|x86.ActiveCfg = Debug|Any CPU
		{1CBD6F18-0189-45FD-BDBD-4FBF374F7916}.Release|Any CPU.ActiveCfg = Release|Any CPU
		{1CBD6F18-0189-45FD-BDBD-4FBF374F7916}.Release|Any CPU.Build.0 = Release|Any CPU
		{1CBD6F18-0189-45FD-BDBD-4FBF374F7916}.Release|Mixed Platforms.ActiveCfg = Release|Any CPU
		{1CBD6F18-0189-45FD-BDBD-4FBF374F7916}.Release|Mixed Platforms.Build.0 = Release|Any CPU
		{1CBD6F18-0189-45FD-BDBD-4FBF374F7916}.Release|x86.ActiveCfg = Release|Any CPU
		{C3E051C7-3DB7-44EC-97C5-3B49057FDE50}.Debug|Any CPU.ActiveCfg = Debug|Any CPU
		{C3E051C7-3DB7-44EC-97C5-3B49057FDE50}.Debug|Any CPU.Build.0 = Debug|Any CPU
		{C3E051C7-3DB7-44EC-97C5-3B49057FDE50}.Debug|Mixed Platforms.ActiveCfg = Debug|Any CPU
		{C3E051C7-3DB7-44EC-97C5-3B49057FDE50}.Debug|Mixed Platforms.Build.0 = Debug|Any CPU
		{C3E051C7-3DB7-44EC-97C5-3B49057FDE50}.Debug|x86.ActiveCfg = Debug|Any CPU
		{C3E051C7-3DB7-44EC-97C5-3B49057FDE50}.Release|Any CPU.ActiveCfg = Release|Any CPU
		{C3E051C7-3DB7-44EC-97C5-3B49057FDE50}.Release|Any CPU.Build.0 = Release|Any CPU
		{C3E051C7-3DB7-44EC-97C5-3B49057FDE50}.Release|Mixed Platforms.ActiveCfg = Release|Any CPU
		{C3E051C7-3DB7-44EC-97C5-3B49057FDE50}.Release|Mixed Platforms.Build.0 = Release|Any CPU
		{C3E051C7-3DB7-44EC-97C5-3B49057FDE50}.Release|x86.ActiveCfg = Release|Any CPU
		{BE3B3A9D-A703-4B39-8EF6-E0AAED3A465E}.Debug|Any CPU.ActiveCfg = Debug|Any CPU
		{BE3B3A9D-A703-4B39-8EF6-E0AAED3A465E}.Debug|Any CPU.Build.0 = Debug|Any CPU
		{BE3B3A9D-A703-4B39-8EF6-E0AAED3A465E}.Debug|Mixed Platforms.ActiveCfg = Debug|Any CPU
		{BE3B3A9D-A703-4B39-8EF6-E0AAED3A465E}.Debug|Mixed Platforms.Build.0 = Debug|Any CPU
		{BE3B3A9D-A703-4B39-8EF6-E0AAED3A465E}.Debug|x86.ActiveCfg = Debug|Any CPU
		{BE3B3A9D-A703-4B39-8EF6-E0AAED3A465E}.Release|Any CPU.ActiveCfg = Release|Any CPU
		{BE3B3A9D-A703-4B39-8EF6-E0AAED3A465E}.Release|Any CPU.Build.0 = Release|Any CPU
		{BE3B3A9D-A703-4B39-8EF6-E0AAED3A465E}.Release|Mixed Platforms.ActiveCfg = Release|Any CPU
		{BE3B3A9D-A703-4B39-8EF6-E0AAED3A465E}.Release|Mixed Platforms.Build.0 = Release|Any CPU
		{BE3B3A9D-A703-4B39-8EF6-E0AAED3A465E}.Release|x86.ActiveCfg = Release|Any CPU
		{0FB42D8A-431A-450D-97B5-31BE0C81FB05}.Debug|Any CPU.ActiveCfg = Debug|Any CPU
		{0FB42D8A-431A-450D-97B5-31BE0C81FB05}.Debug|Any CPU.Build.0 = Debug|Any CPU
		{0FB42D8A-431A-450D-97B5-31BE0C81FB05}.Debug|Mixed Platforms.ActiveCfg = Debug|Any CPU
		{0FB42D8A-431A-450D-97B5-31BE0C81FB05}.Debug|Mixed Platforms.Build.0 = Debug|Any CPU
		{0FB42D8A-431A-450D-97B5-31BE0C81FB05}.Debug|x86.ActiveCfg = Debug|Any CPU
		{0FB42D8A-431A-450D-97B5-31BE0C81FB05}.Release|Any CPU.ActiveCfg = Release|Any CPU
		{0FB42D8A-431A-450D-97B5-31BE0C81FB05}.Release|Any CPU.Build.0 = Release|Any CPU
		{0FB42D8A-431A-450D-97B5-31BE0C81FB05}.Release|Mixed Platforms.ActiveCfg = Release|Any CPU
		{0FB42D8A-431A-450D-97B5-31BE0C81FB05}.Release|Mixed Platforms.Build.0 = Release|Any CPU
		{0FB42D8A-431A-450D-97B5-31BE0C81FB05}.Release|x86.ActiveCfg = Release|Any CPU
		{F52DDF39-CA4E-4B07-B573-CCF3C49E8AF2}.Debug|Any CPU.ActiveCfg = Debug|x86
		{F52DDF39-CA4E-4B07-B573-CCF3C49E8AF2}.Debug|Mixed Platforms.ActiveCfg = Debug|x86
		{F52DDF39-CA4E-4B07-B573-CCF3C49E8AF2}.Debug|Mixed Platforms.Build.0 = Debug|x86
		{F52DDF39-CA4E-4B07-B573-CCF3C49E8AF2}.Debug|x86.ActiveCfg = Debug|x86
		{F52DDF39-CA4E-4B07-B573-CCF3C49E8AF2}.Debug|x86.Build.0 = Debug|x86
		{F52DDF39-CA4E-4B07-B573-CCF3C49E8AF2}.Release|Any CPU.ActiveCfg = Release|x86
		{F52DDF39-CA4E-4B07-B573-CCF3C49E8AF2}.Release|Mixed Platforms.ActiveCfg = Release|x86
		{F52DDF39-CA4E-4B07-B573-CCF3C49E8AF2}.Release|Mixed Platforms.Build.0 = Release|x86
		{F52DDF39-CA4E-4B07-B573-CCF3C49E8AF2}.Release|x86.ActiveCfg = Release|x86
		{F52DDF39-CA4E-4B07-B573-CCF3C49E8AF2}.Release|x86.Build.0 = Release|x86
		{359BB77F-0D83-4CD1-BAA6-8FDA09F1766F}.Debug|Any CPU.ActiveCfg = Debug|Any CPU
		{359BB77F-0D83-4CD1-BAA6-8FDA09F1766F}.Debug|Any CPU.Build.0 = Debug|Any CPU
		{359BB77F-0D83-4CD1-BAA6-8FDA09F1766F}.Debug|Mixed Platforms.ActiveCfg = Debug|Any CPU
		{359BB77F-0D83-4CD1-BAA6-8FDA09F1766F}.Debug|Mixed Platforms.Build.0 = Debug|Any CPU
		{359BB77F-0D83-4CD1-BAA6-8FDA09F1766F}.Debug|x86.ActiveCfg = Debug|Any CPU
		{359BB77F-0D83-4CD1-BAA6-8FDA09F1766F}.Release|Any CPU.ActiveCfg = Release|Any CPU
		{359BB77F-0D83-4CD1-BAA6-8FDA09F1766F}.Release|Any CPU.Build.0 = Release|Any CPU
		{359BB77F-0D83-4CD1-BAA6-8FDA09F1766F}.Release|Mixed Platforms.ActiveCfg = Release|Any CPU
		{359BB77F-0D83-4CD1-BAA6-8FDA09F1766F}.Release|Mixed Platforms.Build.0 = Release|Any CPU
		{359BB77F-0D83-4CD1-BAA6-8FDA09F1766F}.Release|x86.ActiveCfg = Release|Any CPU
		{E6E3D9D5-965E-40B3-A312-118C5AD21957}.Debug|Any CPU.ActiveCfg = Debug|x86
		{E6E3D9D5-965E-40B3-A312-118C5AD21957}.Debug|Mixed Platforms.ActiveCfg = Debug|x86
		{E6E3D9D5-965E-40B3-A312-118C5AD21957}.Debug|Mixed Platforms.Build.0 = Debug|x86
		{E6E3D9D5-965E-40B3-A312-118C5AD21957}.Debug|x86.ActiveCfg = Debug|x86
		{E6E3D9D5-965E-40B3-A312-118C5AD21957}.Debug|x86.Build.0 = Debug|x86
		{E6E3D9D5-965E-40B3-A312-118C5AD21957}.Release|Any CPU.ActiveCfg = Release|x86
		{E6E3D9D5-965E-40B3-A312-118C5AD21957}.Release|Mixed Platforms.ActiveCfg = Release|x86
		{E6E3D9D5-965E-40B3-A312-118C5AD21957}.Release|Mixed Platforms.Build.0 = Release|x86
		{E6E3D9D5-965E-40B3-A312-118C5AD21957}.Release|x86.ActiveCfg = Release|x86
		{E6E3D9D5-965E-40B3-A312-118C5AD21957}.Release|x86.Build.0 = Release|x86
		{10810879-F7AB-4A9F-9515-82FC88F4A253}.Debug|Any CPU.ActiveCfg = Debug|x86
		{10810879-F7AB-4A9F-9515-82FC88F4A253}.Debug|Mixed Platforms.ActiveCfg = Debug|x86
		{10810879-F7AB-4A9F-9515-82FC88F4A253}.Debug|Mixed Platforms.Build.0 = Debug|x86
		{10810879-F7AB-4A9F-9515-82FC88F4A253}.Debug|x86.ActiveCfg = Debug|x86
		{10810879-F7AB-4A9F-9515-82FC88F4A253}.Debug|x86.Build.0 = Debug|x86
		{10810879-F7AB-4A9F-9515-82FC88F4A253}.Release|Any CPU.ActiveCfg = Release|x86
		{10810879-F7AB-4A9F-9515-82FC88F4A253}.Release|Mixed Platforms.ActiveCfg = Release|x86
		{10810879-F7AB-4A9F-9515-82FC88F4A253}.Release|Mixed Platforms.Build.0 = Release|x86
		{10810879-F7AB-4A9F-9515-82FC88F4A253}.Release|x86.ActiveCfg = Release|x86
		{10810879-F7AB-4A9F-9515-82FC88F4A253}.Release|x86.Build.0 = Release|x86
		{6981178A-117A-480E-8435-ECA99DA9D68F}.Debug|Any CPU.ActiveCfg = Debug|Any CPU
		{6981178A-117A-480E-8435-ECA99DA9D68F}.Debug|Any CPU.Build.0 = Debug|Any CPU
		{6981178A-117A-480E-8435-ECA99DA9D68F}.Debug|Mixed Platforms.ActiveCfg = Debug|Any CPU
		{6981178A-117A-480E-8435-ECA99DA9D68F}.Debug|Mixed Platforms.Build.0 = Debug|Any CPU
		{6981178A-117A-480E-8435-ECA99DA9D68F}.Debug|x86.ActiveCfg = Debug|Any CPU
		{6981178A-117A-480E-8435-ECA99DA9D68F}.Release|Any CPU.ActiveCfg = Release|Any CPU
		{6981178A-117A-480E-8435-ECA99DA9D68F}.Release|Any CPU.Build.0 = Release|Any CPU
		{6981178A-117A-480E-8435-ECA99DA9D68F}.Release|Mixed Platforms.ActiveCfg = Release|Any CPU
		{6981178A-117A-480E-8435-ECA99DA9D68F}.Release|Mixed Platforms.Build.0 = Release|Any CPU
		{6981178A-117A-480E-8435-ECA99DA9D68F}.Release|x86.ActiveCfg = Release|Any CPU
		{97C6DABA-56B1-4AA5-AEDF-51349A070083}.Debug|Any CPU.ActiveCfg = Debug|x86
		{97C6DABA-56B1-4AA5-AEDF-51349A070083}.Debug|Mixed Platforms.ActiveCfg = Debug|x86
		{97C6DABA-56B1-4AA5-AEDF-51349A070083}.Debug|Mixed Platforms.Build.0 = Debug|x86
		{97C6DABA-56B1-4AA5-AEDF-51349A070083}.Debug|x86.ActiveCfg = Debug|x86
		{97C6DABA-56B1-4AA5-AEDF-51349A070083}.Debug|x86.Build.0 = Debug|x86
		{97C6DABA-56B1-4AA5-AEDF-51349A070083}.Release|Any CPU.ActiveCfg = Release|x86
		{97C6DABA-56B1-4AA5-AEDF-51349A070083}.Release|Mixed Platforms.ActiveCfg = Release|x86
		{97C6DABA-56B1-4AA5-AEDF-51349A070083}.Release|Mixed Platforms.Build.0 = Release|x86
		{97C6DABA-56B1-4AA5-AEDF-51349A070083}.Release|x86.ActiveCfg = Release|x86
		{97C6DABA-56B1-4AA5-AEDF-51349A070083}.Release|x86.Build.0 = Release|x86
		{6CA08373-7D74-4804-8AAB-6B1A829A00A5}.Debug|Any CPU.ActiveCfg = Debug|x86
		{6CA08373-7D74-4804-8AAB-6B1A829A00A5}.Debug|Mixed Platforms.ActiveCfg = Debug|x86
		{6CA08373-7D74-4804-8AAB-6B1A829A00A5}.Debug|Mixed Platforms.Build.0 = Debug|x86
		{6CA08373-7D74-4804-8AAB-6B1A829A00A5}.Debug|x86.ActiveCfg = Debug|x86
		{6CA08373-7D74-4804-8AAB-6B1A829A00A5}.Debug|x86.Build.0 = Debug|x86
		{6CA08373-7D74-4804-8AAB-6B1A829A00A5}.Release|Any CPU.ActiveCfg = Release|x86
		{6CA08373-7D74-4804-8AAB-6B1A829A00A5}.Release|Mixed Platforms.ActiveCfg = Release|x86
		{6CA08373-7D74-4804-8AAB-6B1A829A00A5}.Release|Mixed Platforms.Build.0 = Release|x86
		{6CA08373-7D74-4804-8AAB-6B1A829A00A5}.Release|x86.ActiveCfg = Release|x86
		{6CA08373-7D74-4804-8AAB-6B1A829A00A5}.Release|x86.Build.0 = Release|x86
		{15E0051A-F4F4-47DC-B4CE-9CA52F0ECCE1}.Debug|Any CPU.ActiveCfg = Debug|Any CPU
		{15E0051A-F4F4-47DC-B4CE-9CA52F0ECCE1}.Debug|Any CPU.Build.0 = Debug|Any CPU
		{15E0051A-F4F4-47DC-B4CE-9CA52F0ECCE1}.Debug|Mixed Platforms.ActiveCfg = Debug|Any CPU
		{15E0051A-F4F4-47DC-B4CE-9CA52F0ECCE1}.Debug|Mixed Platforms.Build.0 = Debug|Any CPU
		{15E0051A-F4F4-47DC-B4CE-9CA52F0ECCE1}.Debug|x86.ActiveCfg = Debug|Any CPU
		{15E0051A-F4F4-47DC-B4CE-9CA52F0ECCE1}.Release|Any CPU.ActiveCfg = Release|Any CPU
		{15E0051A-F4F4-47DC-B4CE-9CA52F0ECCE1}.Release|Any CPU.Build.0 = Release|Any CPU
		{15E0051A-F4F4-47DC-B4CE-9CA52F0ECCE1}.Release|Mixed Platforms.ActiveCfg = Release|Any CPU
		{15E0051A-F4F4-47DC-B4CE-9CA52F0ECCE1}.Release|Mixed Platforms.Build.0 = Release|Any CPU
		{15E0051A-F4F4-47DC-B4CE-9CA52F0ECCE1}.Release|x86.ActiveCfg = Release|Any CPU
		{C1F73288-60BE-45A8-A30D-A8B7F0478C91}.Debug|Any CPU.ActiveCfg = Debug|Any CPU
		{C1F73288-60BE-45A8-A30D-A8B7F0478C91}.Debug|Any CPU.Build.0 = Debug|Any CPU
		{C1F73288-60BE-45A8-A30D-A8B7F0478C91}.Debug|Mixed Platforms.ActiveCfg = Debug|Any CPU
		{C1F73288-60BE-45A8-A30D-A8B7F0478C91}.Debug|Mixed Platforms.Build.0 = Debug|Any CPU
		{C1F73288-60BE-45A8-A30D-A8B7F0478C91}.Debug|x86.ActiveCfg = Debug|Any CPU
		{C1F73288-60BE-45A8-A30D-A8B7F0478C91}.Release|Any CPU.ActiveCfg = Release|Any CPU
		{C1F73288-60BE-45A8-A30D-A8B7F0478C91}.Release|Any CPU.Build.0 = Release|Any CPU
		{C1F73288-60BE-45A8-A30D-A8B7F0478C91}.Release|Mixed Platforms.ActiveCfg = Release|Any CPU
		{C1F73288-60BE-45A8-A30D-A8B7F0478C91}.Release|Mixed Platforms.Build.0 = Release|Any CPU
		{C1F73288-60BE-45A8-A30D-A8B7F0478C91}.Release|x86.ActiveCfg = Release|Any CPU
		{CC2B4898-18B1-46FC-947E-8467FA77E776}.Debug|Any CPU.ActiveCfg = Debug|x86
		{CC2B4898-18B1-46FC-947E-8467FA77E776}.Debug|Mixed Platforms.ActiveCfg = Debug|x86
		{CC2B4898-18B1-46FC-947E-8467FA77E776}.Debug|Mixed Platforms.Build.0 = Debug|x86
		{CC2B4898-18B1-46FC-947E-8467FA77E776}.Debug|x86.ActiveCfg = Debug|x86
		{CC2B4898-18B1-46FC-947E-8467FA77E776}.Debug|x86.Build.0 = Debug|x86
		{CC2B4898-18B1-46FC-947E-8467FA77E776}.Release|Any CPU.ActiveCfg = Release|x86
		{CC2B4898-18B1-46FC-947E-8467FA77E776}.Release|Mixed Platforms.ActiveCfg = Release|x86
		{CC2B4898-18B1-46FC-947E-8467FA77E776}.Release|Mixed Platforms.Build.0 = Release|x86
		{CC2B4898-18B1-46FC-947E-8467FA77E776}.Release|x86.ActiveCfg = Release|x86
		{CC2B4898-18B1-46FC-947E-8467FA77E776}.Release|x86.Build.0 = Release|x86
		{24F3DBF4-BB37-4052-B491-D7E080454192}.Debug|Any CPU.ActiveCfg = Debug|x86
		{24F3DBF4-BB37-4052-B491-D7E080454192}.Debug|Mixed Platforms.ActiveCfg = Debug|x86
		{24F3DBF4-BB37-4052-B491-D7E080454192}.Debug|Mixed Platforms.Build.0 = Debug|x86
		{24F3DBF4-BB37-4052-B491-D7E080454192}.Debug|x86.ActiveCfg = Debug|x86
		{24F3DBF4-BB37-4052-B491-D7E080454192}.Debug|x86.Build.0 = Debug|x86
		{24F3DBF4-BB37-4052-B491-D7E080454192}.Release|Any CPU.ActiveCfg = Release|x86
		{24F3DBF4-BB37-4052-B491-D7E080454192}.Release|Mixed Platforms.ActiveCfg = Release|x86
		{24F3DBF4-BB37-4052-B491-D7E080454192}.Release|Mixed Platforms.Build.0 = Release|x86
		{24F3DBF4-BB37-4052-B491-D7E080454192}.Release|x86.ActiveCfg = Release|x86
		{24F3DBF4-BB37-4052-B491-D7E080454192}.Release|x86.Build.0 = Release|x86
		{DE430483-CA8D-4E58-A2EA-3D429E6180DF}.Debug|Any CPU.ActiveCfg = Debug|Any CPU
		{DE430483-CA8D-4E58-A2EA-3D429E6180DF}.Debug|Any CPU.Build.0 = Debug|Any CPU
		{DE430483-CA8D-4E58-A2EA-3D429E6180DF}.Debug|Mixed Platforms.ActiveCfg = Debug|Any CPU
		{DE430483-CA8D-4E58-A2EA-3D429E6180DF}.Debug|Mixed Platforms.Build.0 = Debug|Any CPU
		{DE430483-CA8D-4E58-A2EA-3D429E6180DF}.Debug|x86.ActiveCfg = Debug|Any CPU
		{DE430483-CA8D-4E58-A2EA-3D429E6180DF}.Release|Any CPU.ActiveCfg = Release|Any CPU
		{DE430483-CA8D-4E58-A2EA-3D429E6180DF}.Release|Any CPU.Build.0 = Release|Any CPU
		{DE430483-CA8D-4E58-A2EA-3D429E6180DF}.Release|Mixed Platforms.ActiveCfg = Release|Any CPU
		{DE430483-CA8D-4E58-A2EA-3D429E6180DF}.Release|Mixed Platforms.Build.0 = Release|Any CPU
		{DE430483-CA8D-4E58-A2EA-3D429E6180DF}.Release|x86.ActiveCfg = Release|Any CPU
		{7C6F94C6-7ACE-4ED3-9A63-6B6C8379D4BF}.Debug|Any CPU.ActiveCfg = Debug|x86
		{7C6F94C6-7ACE-4ED3-9A63-6B6C8379D4BF}.Debug|Mixed Platforms.ActiveCfg = Debug|x86
		{7C6F94C6-7ACE-4ED3-9A63-6B6C8379D4BF}.Debug|Mixed Platforms.Build.0 = Debug|x86
		{7C6F94C6-7ACE-4ED3-9A63-6B6C8379D4BF}.Debug|x86.ActiveCfg = Debug|x86
		{7C6F94C6-7ACE-4ED3-9A63-6B6C8379D4BF}.Debug|x86.Build.0 = Debug|x86
		{7C6F94C6-7ACE-4ED3-9A63-6B6C8379D4BF}.Release|Any CPU.ActiveCfg = Release|x86
		{7C6F94C6-7ACE-4ED3-9A63-6B6C8379D4BF}.Release|Mixed Platforms.ActiveCfg = Release|x86
		{7C6F94C6-7ACE-4ED3-9A63-6B6C8379D4BF}.Release|Mixed Platforms.Build.0 = Release|x86
		{7C6F94C6-7ACE-4ED3-9A63-6B6C8379D4BF}.Release|x86.ActiveCfg = Release|x86
		{7C6F94C6-7ACE-4ED3-9A63-6B6C8379D4BF}.Release|x86.Build.0 = Release|x86
		{2909743E-72FF-48BF-A081-E61A73D2E6EC}.Debug|Any CPU.ActiveCfg = Debug|Any CPU
		{2909743E-72FF-48BF-A081-E61A73D2E6EC}.Debug|Any CPU.Build.0 = Debug|Any CPU
		{2909743E-72FF-48BF-A081-E61A73D2E6EC}.Debug|Mixed Platforms.ActiveCfg = Debug|Any CPU
		{2909743E-72FF-48BF-A081-E61A73D2E6EC}.Debug|Mixed Platforms.Build.0 = Debug|Any CPU
		{2909743E-72FF-48BF-A081-E61A73D2E6EC}.Debug|x86.ActiveCfg = Debug|Any CPU
		{2909743E-72FF-48BF-A081-E61A73D2E6EC}.Release|Any CPU.ActiveCfg = Release|Any CPU
		{2909743E-72FF-48BF-A081-E61A73D2E6EC}.Release|Any CPU.Build.0 = Release|Any CPU
		{2909743E-72FF-48BF-A081-E61A73D2E6EC}.Release|Mixed Platforms.ActiveCfg = Release|Any CPU
		{2909743E-72FF-48BF-A081-E61A73D2E6EC}.Release|Mixed Platforms.Build.0 = Release|Any CPU
		{2909743E-72FF-48BF-A081-E61A73D2E6EC}.Release|x86.ActiveCfg = Release|Any CPU
		{A109E0B5-74F7-402B-BABB-4DC3D6150188}.Debug|Any CPU.ActiveCfg = Debug|Any CPU
		{A109E0B5-74F7-402B-BABB-4DC3D6150188}.Debug|Any CPU.Build.0 = Debug|Any CPU
		{A109E0B5-74F7-402B-BABB-4DC3D6150188}.Debug|Mixed Platforms.ActiveCfg = Debug|Any CPU
		{A109E0B5-74F7-402B-BABB-4DC3D6150188}.Debug|Mixed Platforms.Build.0 = Debug|Any CPU
		{A109E0B5-74F7-402B-BABB-4DC3D6150188}.Debug|x86.ActiveCfg = Debug|Any CPU
		{A109E0B5-74F7-402B-BABB-4DC3D6150188}.Release|Any CPU.ActiveCfg = Release|Any CPU
		{A109E0B5-74F7-402B-BABB-4DC3D6150188}.Release|Any CPU.Build.0 = Release|Any CPU
		{A109E0B5-74F7-402B-BABB-4DC3D6150188}.Release|Mixed Platforms.ActiveCfg = Release|Any CPU
		{A109E0B5-74F7-402B-BABB-4DC3D6150188}.Release|Mixed Platforms.Build.0 = Release|Any CPU
		{A109E0B5-74F7-402B-BABB-4DC3D6150188}.Release|x86.ActiveCfg = Release|Any CPU
	EndGlobalSection
	GlobalSection(SolutionProperties) = preSolution
		HideSolutionNode = FALSE
	EndGlobalSection
	GlobalSection(NestedProjects) = preSolution
		{3F0DD301-7F44-46DE-81A1-09874C1B4F45} = {A9E6A24D-0FBA-481E-90D7-4E9E8118F333}
		{86B005E3-59B5-4412-8993-6827D6EC2357} = {A9E6A24D-0FBA-481E-90D7-4E9E8118F333}
		{2909743E-72FF-48BF-A081-E61A73D2E6EC} = {A9E6A24D-0FBA-481E-90D7-4E9E8118F333}
		{BAB1A10A-9A09-47D3-ADF1-1402D5E85F1C} = {EECCD860-988B-4F88-9DF2-9F680552DBD2}
		{13447426-9190-43BA-9404-514385083DB4} = {EECCD860-988B-4F88-9DF2-9F680552DBD2}
		{6981178A-117A-480E-8435-ECA99DA9D68F} = {EECCD860-988B-4F88-9DF2-9F680552DBD2}
		{74C1EB2B-6C96-4B8D-9C2E-0D3C33CCACE4} = {BAB1A10A-9A09-47D3-ADF1-1402D5E85F1C}
		{43AE6FB0-4FBA-4991-825A-9F06DB774902} = {BAB1A10A-9A09-47D3-ADF1-1402D5E85F1C}
		{37D0C010-1544-4738-ACEC-422A916AD1D1} = {74C1EB2B-6C96-4B8D-9C2E-0D3C33CCACE4}
		{04703136-E899-46C6-8C71-F68C161360C8} = {74C1EB2B-6C96-4B8D-9C2E-0D3C33CCACE4}
		{1CBD6F18-0189-45FD-BDBD-4FBF374F7916} = {74C1EB2B-6C96-4B8D-9C2E-0D3C33CCACE4}
		{C3E051C7-3DB7-44EC-97C5-3B49057FDE50} = {74C1EB2B-6C96-4B8D-9C2E-0D3C33CCACE4}
		{BE3B3A9D-A703-4B39-8EF6-E0AAED3A465E} = {74C1EB2B-6C96-4B8D-9C2E-0D3C33CCACE4}
		{0FB42D8A-431A-450D-97B5-31BE0C81FB05} = {74C1EB2B-6C96-4B8D-9C2E-0D3C33CCACE4}
		{359BB77F-0D83-4CD1-BAA6-8FDA09F1766F} = {74C1EB2B-6C96-4B8D-9C2E-0D3C33CCACE4}
		{EFA8E77B-FA4E-4D7D-84B2-3AD58E990562} = {74C1EB2B-6C96-4B8D-9C2E-0D3C33CCACE4}
		{15E0051A-F4F4-47DC-B4CE-9CA52F0ECCE1} = {74C1EB2B-6C96-4B8D-9C2E-0D3C33CCACE4}
		{C1F73288-60BE-45A8-A30D-A8B7F0478C91} = {74C1EB2B-6C96-4B8D-9C2E-0D3C33CCACE4}
		{DE430483-CA8D-4E58-A2EA-3D429E6180DF} = {74C1EB2B-6C96-4B8D-9C2E-0D3C33CCACE4}
		{73E70918-6234-4DFA-8F1C-15A290BB3A89} = {43AE6FB0-4FBA-4991-825A-9F06DB774902}
		{97C38DAA-11B7-4681-9A17-C18E3B355E93} = {43AE6FB0-4FBA-4991-825A-9F06DB774902}
		{F52DDF39-CA4E-4B07-B573-CCF3C49E8AF2} = {43AE6FB0-4FBA-4991-825A-9F06DB774902}
		{E6E3D9D5-965E-40B3-A312-118C5AD21957} = {43AE6FB0-4FBA-4991-825A-9F06DB774902}
		{6CA08373-7D74-4804-8AAB-6B1A829A00A5} = {43AE6FB0-4FBA-4991-825A-9F06DB774902}
		{CC2B4898-18B1-46FC-947E-8467FA77E776} = {43AE6FB0-4FBA-4991-825A-9F06DB774902}
		{10810879-F7AB-4A9F-9515-82FC88F4A253} = {94F51B26-799F-4ED1-A92A-7867A48F796D}
		{7C6F94C6-7ACE-4ED3-9A63-6B6C8379D4BF} = {94F51B26-799F-4ED1-A92A-7867A48F796D}
		{A109E0B5-74F7-402B-BABB-4DC3D6150188} = {94F51B26-799F-4ED1-A92A-7867A48F796D}
		{24F3DBF4-BB37-4052-B491-D7E080454192} = {F58764D7-2B97-48BA-B2BE-E12F67F7C593}
	EndGlobalSection
EndGlobal
